
Microsoft Visual Studio Solution File, Format Version 12.00
# Visual Studio 2012
Project("{FAE04EC0-301F-11D3-BF4B-00C04F79EFBC}") = "KnockKnock", "KnockKnock.csproj", "{882B4F9A-8F72-4647-8369-3725ED3DEE26}"
EndProject
Project("{FAE04EC0-301F-11D3-BF4B-00C04F79EFBC}") = "KnockKnockTest", "..\KnockKnockTest\KnockKnockTest.csproj", "{DFC77743-8CE7-41A5-832B-3CA879E2C064}"
EndProject
Global
	GlobalSection(SolutionConfigurationPlatforms) = preSolution
		Debug|Any CPU = Debug|Any CPU
		Release|Any CPU = Release|Any CPU
	EndGlobalSection
	GlobalSection(ProjectConfigurationPlatforms) = postSolution
		{882B4F9A-8F72-4647-8369-3725ED3DEE26}.Debug|Any CPU.ActiveCfg = Debug|Any CPU
		{882B4F9A-8F72-4647-8369-3725ED3DEE26}.Debug|Any CPU.Build.0 = Debug|Any CPU
		{882B4F9A-8F72-4647-8369-3725ED3DEE26}.Release|Any CPU.ActiveCfg = Release|Any CPU
		{882B4F9A-8F72-4647-8369-3725ED3DEE26}.Release|Any CPU.Build.0 = Release|Any CPU
		{DFC77743-8CE7-41A5-832B-3CA879E2C064}.Debug|Any CPU.ActiveCfg = Debug|Any CPU
		{DFC77743-8CE7-41A5-832B-3CA879E2C064}.Debug|Any CPU.Build.0 = Debug|Any CPU
		{DFC77743-8CE7-41A5-832B-3CA879E2C064}.Release|Any CPU.ActiveCfg = Release|Any CPU
		{DFC77743-8CE7-41A5-832B-3CA879E2C064}.Release|Any CPU.Build.0 = Release|Any CPU
	EndGlobalSection
	GlobalSection(SolutionProperties) = preSolution
		HideSolutionNode = FALSE
	EndGlobalSection
EndGlobal
